
Microsoft Visual Studio Solution File, Format Version 12.00
# Visual Studio Version 17
VisualStudioVersion = 17.0.31808.319
MinimumVisualStudioVersion = 10.0.40219.1
Project("{2150E333-8FDC-42A3-9474-1A3956D46DE8}") = "Easy", "Easy", "{DB51E654-7D7D-4C50-AB3E-39D07866B133}"
EndProject
Project("{2150E333-8FDC-42A3-9474-1A3956D46DE8}") = "Hard", "Hard", "{3ED322EE-576F-4FFD-968A-B03D4E1C808A}"
EndProject
Project("{8BC9CEB8-8B4A-11D0-8D11-00A0C91BC942}") = "AbsoluteDiffrence", "ABSOLUTE DIFFERENCE\ABSOLUTE DIFFERENCE.vcxproj", "{20AF1AA8-83BF-45F5-AEE1-64CAA16E10DC}"
EndProject
Project("{8BC9CEB8-8B4A-11D0-8D11-00A0C91BC942}") = "CelciusToFarenheit", "CelciusToFarenheit\CelciusToFarenheit.vcxproj", "{731B3807-CC9F-4645-BD16-A1C43E004DF5}"
EndProject
Project("{8BC9CEB8-8B4A-11D0-8D11-00A0C91BC942}") = "EvenOrOdd", "EvenOrOdd\EvenOrOdd.vcxproj", "{A51D4214-1D07-42C8-AEBC-7F585DC994C7}"
EndProject
Project("{8BC9CEB8-8B4A-11D0-8D11-00A0C91BC942}") = "LastDigitOfANumber", "LastDigitOfANumber\LastDigitOfANumber.vcxproj", "{05F6ECF0-7E03-47CE-B26A-04226844D53E}"
EndProject
Project("{8BC9CEB8-8B4A-11D0-8D11-00A0C91BC942}") = "Swap", "Swap\Swap.vcxproj", "{00473C59-7F97-4595-909C-82E8957C3F6D}"
EndProject
Project("{8BC9CEB8-8B4A-11D0-8D11-00A0C91BC942}") = "GuessingGame", "GuessingGame\GuessingGame.vcxproj", "{B29E44E5-8DE4-4272-9652-663A71212C70}"
EndProject
Project("{8BC9CEB8-8B4A-11D0-8D11-00A0C91BC942}") = "ArithmeticProgression", "ArithmeticProgression\ArithmeticProgression.vcxproj", "{A57FFDCD-4C4C-49E4-82BC-861C0D1D5125}"
EndProject
Project("{2150E333-8FDC-42A3-9474-1A3956D46DE8}") = "intermediate", "intermediate", "{F2256519-BCC3-4466-B332-30775EC85181}"
EndProject
Global
	GlobalSection(SolutionConfigurationPlatforms) = preSolution
		Debug|x64 = Debug|x64
		Debug|x86 = Debug|x86
		Release|x64 = Release|x64
		Release|x86 = Release|x86
	EndGlobalSection
	GlobalSection(ProjectConfigurationPlatforms) = postSolution
		{20AF1AA8-83BF-45F5-AEE1-64CAA16E10DC}.Debug|x64.ActiveCfg = Debug|x64
		{20AF1AA8-83BF-45F5-AEE1-64CAA16E10DC}.Debug|x64.Build.0 = Debug|x64
		{20AF1AA8-83BF-45F5-AEE1-64CAA16E10DC}.Debug|x86.ActiveCfg = Debug|Win32
		{20AF1AA8-83BF-45F5-AEE1-64CAA16E10DC}.Debug|x86.Build.0 = Debug|Win32
		{20AF1AA8-83BF-45F5-AEE1-64CAA16E10DC}.Release|x64.ActiveCfg = Release|x64
		{20AF1AA8-83BF-45F5-AEE1-64CAA16E10DC}.Release|x64.Build.0 = Release|x64
		{20AF1AA8-83BF-45F5-AEE1-64CAA16E10DC}.Release|x86.ActiveCfg = Release|Win32
		{20AF1AA8-83BF-45F5-AEE1-64CAA16E10DC}.Release|x86.Build.0 = Release|Win32
		{731B3807-CC9F-4645-BD16-A1C43E004DF5}.Debug|x64.ActiveCfg = Debug|x64
		{731B3807-CC9F-4645-BD16-A1C43E004DF5}.Debug|x64.Build.0 = Debug|x64
		{731B3807-CC9F-4645-BD16-A1C43E004DF5}.Debug|x86.ActiveCfg = Debug|Win32
		{731B3807-CC9F-4645-BD16-A1C43E004DF5}.Debug|x86.Build.0 = Debug|Win32
		{731B3807-CC9F-4645-BD16-A1C43E004DF5}.Release|x64.ActiveCfg = Release|x64
		{731B3807-CC9F-4645-BD16-A1C43E004DF5}.Release|x64.Build.0 = Release|x64
		{731B3807-CC9F-4645-BD16-A1C43E004DF5}.Release|x86.ActiveCfg = Release|Win32
		{731B3807-CC9F-4645-BD16-A1C43E004DF5}.Release|x86.Build.0 = Release|Win32
		{A51D4214-1D07-42C8-AEBC-7F585DC994C7}.Debug|x64.ActiveCfg = Debug|x64
		{A51D4214-1D07-42C8-AEBC-7F585DC994C7}.Debug|x64.Build.0 = Debug|x64
		{A51D4214-1D07-42C8-AEBC-7F585DC994C7}.Debug|x86.ActiveCfg = Debug|Win32
		{A51D4214-1D07-42C8-AEBC-7F585DC994C7}.Debug|x86.Build.0 = Debug|Win32
		{A51D4214-1D07-42C8-AEBC-7F585DC994C7}.Release|x64.ActiveCfg = Release|x64
		{A51D4214-1D07-42C8-AEBC-7F585DC994C7}.Release|x64.Build.0 = Release|x64
		{A51D4214-1D07-42C8-AEBC-7F585DC994C7}.Release|x86.ActiveCfg = Release|Win32
		{A51D4214-1D07-42C8-AEBC-7F585DC994C7}.Release|x86.Build.0 = Release|Win32
		{05F6ECF0-7E03-47CE-B26A-04226844D53E}.Debug|x64.ActiveCfg = Debug|x64
		{05F6ECF0-7E03-47CE-B26A-04226844D53E}.Debug|x64.Build.0 = Debug|x64
		{05F6ECF0-7E03-47CE-B26A-04226844D53E}.Debug|x86.ActiveCfg = Debug|Win32
		{05F6ECF0-7E03-47CE-B26A-04226844D53E}.Debug|x86.Build.0 = Debug|Win32
		{05F6ECF0-7E03-47CE-B26A-04226844D53E}.Release|x64.ActiveCfg = Release|x64
		{05F6ECF0-7E03-47CE-B26A-04226844D53E}.Release|x64.Build.0 = Release|x64
		{05F6ECF0-7E03-47CE-B26A-04226844D53E}.Release|x86.ActiveCfg = Release|Win32
		{05F6ECF0-7E03-47CE-B26A-04226844D53E}.Release|x86.Build.0 = Release|Win32
		{00473C59-7F97-4595-909C-82E8957C3F6D}.Debug|x64.ActiveCfg = Debug|x64
		{00473C59-7F97-4595-909C-82E8957C3F6D}.Debug|x64.Build.0 = Debug|x64
		{00473C59-7F97-4595-909C-82E8957C3F6D}.Debug|x86.ActiveCfg = Debug|Win32
		{00473C59-7F97-4595-909C-82E8957C3F6D}.Debug|x86.Build.0 = Debug|Win32
		{00473C59-7F97-4595-909C-82E8957C3F6D}.Release|x64.ActiveCfg = Release|x64
		{00473C59-7F97-4595-909C-82E8957C3F6D}.Release|x64.Build.0 = Release|x64
		{00473C59-7F97-4595-909C-82E8957C3F6D}.Release|x86.ActiveCfg = Release|Win32
		{00473C59-7F97-4595-909C-82E8957C3F6D}.Release|x86.Build.0 = Release|Win32
		{B29E44E5-8DE4-4272-9652-663A71212C70}.Debug|x64.ActiveCfg = Debug|x64
		{B29E44E5-8DE4-4272-9652-663A71212C70}.Debug|x64.Build.0 = Debug|x64
		{B29E44E5-8DE4-4272-9652-663A71212C70}.Debug|x86.ActiveCfg = Debug|Win32
		{B29E44E5-8DE4-4272-9652-663A71212C70}.Debug|x86.Build.0 = Debug|Win32
		{B29E44E5-8DE4-4272-9652-663A71212C70}.Release|x64.ActiveCfg = Release|x64
		{B29E44E5-8DE4-4272-9652-663A71212C70}.Release|x64.Build.0 = Release|x64
		{B29E44E5-8DE4-4272-9652-663A71212C70}.Release|x86.ActiveCfg = Release|Win32
		{B29E44E5-8DE4-4272-9652-663A71212C70}.Release|x86.Build.0 = Release|Win32
		{A57FFDCD-4C4C-49E4-82BC-861C0D1D5125}.Debug|x64.ActiveCfg = Debug|x64
		{A57FFDCD-4C4C-49E4-82BC-861C0D1D5125}.Debug|x64.Build.0 = Debug|x64
		{A57FFDCD-4C4C-49E4-82BC-861C0D1D5125}.Debug|x86.ActiveCfg = Debug|Win32
		{A57FFDCD-4C4C-49E4-82BC-861C0D1D5125}.Debug|x86.Build.0 = Debug|Win32
		{A57FFDCD-4C4C-49E4-82BC-861C0D1D5125}.Release|x64.ActiveCfg = Release|x64
		{A57FFDCD-4C4C-49E4-82BC-861C0D1D5125}.Release|x64.Build.0 = Release|x64
		{A57FFDCD-4C4C-49E4-82BC-861C0D1D5125}.Release|x86.ActiveCfg = Release|Win32
		{A57FFDCD-4C4C-49E4-82BC-861C0D1D5125}.Release|x86.Build.0 = Release|Win32
	EndGlobalSection
	GlobalSection(SolutionProperties) = preSolution
		HideSolutionNode = FALSE
	EndGlobalSection
	GlobalSection(NestedProjects) = preSolution
		{20AF1AA8-83BF-45F5-AEE1-64CAA16E10DC} = {DB51E654-7D7D-4C50-AB3E-39D07866B133}
		{731B3807-CC9F-4645-BD16-A1C43E004DF5} = {DB51E654-7D7D-4C50-AB3E-39D07866B133}
		{A51D4214-1D07-42C8-AEBC-7F585DC994C7} = {DB51E654-7D7D-4C50-AB3E-39D07866B133}
		{05F6ECF0-7E03-47CE-B26A-04226844D53E} = {DB51E654-7D7D-4C50-AB3E-39D07866B133}
		{00473C59-7F97-4595-909C-82E8957C3F6D} = {DB51E654-7D7D-4C50-AB3E-39D07866B133}
		{B29E44E5-8DE4-4272-9652-663A71212C70} = {DB51E654-7D7D-4C50-AB3E-39D07866B133}
		{A57FFDCD-4C4C-49E4-82BC-861C0D1D5125} = {DB51E654-7D7D-4C50-AB3E-39D07866B133}
	EndGlobalSection
	GlobalSection(ExtensibilityGlobals) = postSolution
		SolutionGuid = {25221C33-ED76-43CC-BD85-D4E623CBB0BA}
	EndGlobalSection
EndGlobal
